{
    "version": 3,
    "terraform_version": "0.11.11",
    "serial": 9,
    "lineage": "7a475003-8e5e-4a67-68e9-6a9501d9bcba",
    "modules": [
        {
            "path": [
                "root"
            ],
            "outputs": {},
            "resources": {
                "google_bigquery_dataset.reference": {
                    "type": "google_bigquery_dataset",
                    "depends_on": [],
                    "primary": {
                        "id": "wsprstats-163301:reference_data",
                        "attributes": {
                            "access.#": "4",
                            "access.1555240826.domain": "",
                            "access.1555240826.group_by_email": "",
                            "access.1555240826.role": "READER",
                            "access.1555240826.special_group": "projectReaders",
                            "access.1555240826.user_by_email": "",
                            "access.1555240826.view.#": "0",
                            "access.2442110412.domain": "",
                            "access.2442110412.group_by_email": "",
                            "access.2442110412.role": "WRITER",
                            "access.2442110412.special_group": "projectWriters",
                            "access.2442110412.user_by_email": "",
                            "access.2442110412.view.#": "0",
                            "access.2859742616.domain": "",
                            "access.2859742616.group_by_email": "",
                            "access.2859742616.role": "OWNER",
                            "access.2859742616.special_group": "",
                            "access.2859742616.user_by_email": "aaronbrown1988@gmail.com",
                            "access.2859742616.view.#": "0",
                            "access.2889351701.domain": "",
                            "access.2889351701.group_by_email": "",
                            "access.2889351701.role": "OWNER",
                            "access.2889351701.special_group": "projectOwners",
                            "access.2889351701.user_by_email": "",
                            "access.2889351701.view.#": "0",
                            "creation_time": "1550843051935",
                            "dataset_id": "reference_data",
                            "default_partition_expiration_ms": "0",
                            "default_table_expiration_ms": "0",
                            "description": "This is a test description",
                            "etag": "W8bbMiZxfKsbXWnjwFmwrQ==",
                            "friendly_name": "Reference Data",
                            "id": "wsprstats-163301:reference_data",
                            "labels.%": "1",
                            "labels.env": "default",
                            "last_modified_time": "1550843051935",
                            "location": "US",
                            "project": "wsprstats-163301",
                            "self_link": "https://www.googleapis.com/bigquery/v2/projects/wsprstats-163301/datasets/reference_data"
                        },
                        "meta": {},
                        "tainted": false
                    },
                    "deposed": [],
                    "provider": "provider.google"
                },
                "google_bigquery_dataset.solar": {
                    "type": "google_bigquery_dataset",
                    "depends_on": [],
                    "primary": {
                        "id": "wsprstats-163301:solar_data",
                        "attributes": {
                            "access.#": "4",
                            "access.1555240826.domain": "",
                            "access.1555240826.group_by_email": "",
                            "access.1555240826.role": "READER",
                            "access.1555240826.special_group": "projectReaders",
                            "access.1555240826.user_by_email": "",
                            "access.1555240826.view.#": "0",
                            "access.2442110412.domain": "",
                            "access.2442110412.group_by_email": "",
                            "access.2442110412.role": "WRITER",
                            "access.2442110412.special_group": "projectWriters",
                            "access.2442110412.user_by_email": "",
                            "access.2442110412.view.#": "0",
                            "access.2859742616.domain": "",
                            "access.2859742616.group_by_email": "",
                            "access.2859742616.role": "OWNER",
                            "access.2859742616.special_group": "",
                            "access.2859742616.user_by_email": "aaronbrown1988@gmail.com",
                            "access.2859742616.view.#": "0",
                            "access.2889351701.domain": "",
                            "access.2889351701.group_by_email": "",
                            "access.2889351701.role": "OWNER",
                            "access.2889351701.special_group": "projectOwners",
                            "access.2889351701.user_by_email": "",
                            "access.2889351701.view.#": "0",
                            "creation_time": "1550845014741",
                            "dataset_id": "solar_data",
                            "default_partition_expiration_ms": "0",
                            "default_table_expiration_ms": "0",
                            "description": "This is a test description",
                            "etag": "dg12wGwl26guJ+Ga+kPI8Q==",
                            "friendly_name": "Solar Data",
                            "id": "wsprstats-163301:solar_data",
                            "labels.%": "1",
                            "labels.env": "default",
                            "last_modified_time": "1550845014741",
                            "location": "US",
                            "project": "wsprstats-163301",
                            "self_link": "https://www.googleapis.com/bigquery/v2/projects/wsprstats-163301/datasets/solar_data"
                        },
                        "meta": {},
                        "tainted": false
                    },
                    "deposed": [],
                    "provider": "provider.google"
                },
                "google_bigquery_dataset.wspr_data": {
                    "type": "google_bigquery_dataset",
                    "depends_on": [],
                    "primary": {
                        "id": "wsprstats-163301:wspr_data",
                        "attributes": {
                            "access.#": "4",
                            "access.1555240826.domain": "",
                            "access.1555240826.group_by_email": "",
                            "access.1555240826.role": "READER",
                            "access.1555240826.special_group": "projectReaders",
                            "access.1555240826.user_by_email": "",
                            "access.1555240826.view.#": "0",
                            "access.2442110412.domain": "",
                            "access.2442110412.group_by_email": "",
                            "access.2442110412.role": "WRITER",
                            "access.2442110412.special_group": "projectWriters",
                            "access.2442110412.user_by_email": "",
                            "access.2442110412.view.#": "0",
                            "access.2859742616.domain": "",
                            "access.2859742616.group_by_email": "",
                            "access.2859742616.role": "OWNER",
                            "access.2859742616.special_group": "",
                            "access.2859742616.user_by_email": "aaronbrown1988@gmail.com",
                            "access.2859742616.view.#": "0",
                            "access.2889351701.domain": "",
                            "access.2889351701.group_by_email": "",
                            "access.2889351701.role": "OWNER",
                            "access.2889351701.special_group": "projectOwners",
                            "access.2889351701.user_by_email": "",
                            "access.2889351701.view.#": "0",
                            "creation_time": "1550828577337",
                            "dataset_id": "wspr_data",
                            "default_partition_expiration_ms": "0",
                            "default_table_expiration_ms": "0",
                            "description": "This is a test description",
                            "etag": "CKFqtRtWGn+kjStYYc9QlQ==",
                            "friendly_name": "Wspr Data",
                            "id": "wsprstats-163301:wspr_data",
                            "labels.%": "1",
                            "labels.env": "default",
                            "last_modified_time": "1550828577337",
                            "location": "US",
                            "project": "wsprstats-163301",
                            "self_link": "https://www.googleapis.com/bigquery/v2/projects/wsprstats-163301/datasets/wspr_data"
                        },
                        "meta": {},
                        "tainted": false
                    },
                    "deposed": [],
                    "provider": "provider.google"
                },
                "google_bigquery_table.call_country": {
                    "type": "google_bigquery_table",
                    "depends_on": [
                        "google_bigquery_dataset.reference"
                    ],
                    "primary": {
                        "id": "wsprstats-163301:reference_data.big_cty",
                        "attributes": {
                            "creation_time": "1550843053601",
                            "dataset_id": "reference_data",
                            "description": "",
                            "etag": "4fstuSBzGp6PFGI6va+3IQ==",
                            "expiration_time": "0",
                            "friendly_name": "",
                            "id": "wsprstats-163301:reference_data.big_cty",
                            "labels.%": "1",
                            "labels.env": "default",
                            "last_modified_time": "1550843135559",
                            "location": "US",
                            "num_bytes": "397765",
                            "num_long_term_bytes": "0",
                            "num_rows": "18931",
                            "project": "wsprstats-163301",
                            "schema": "[{\"mode\":\"NULLABLE\",\"name\":\"country\",\"type\":\"STRING\"},{\"mode\":\"NULLABLE\",\"name\":\"prefix\",\"type\":\"STRING\"}]",
                            "self_link": "https://www.googleapis.com/bigquery/v2/projects/wsprstats-163301/datasets/reference_data/tables/big_cty",
                            "table_id": "big_cty",
                            "type": "TABLE"
                        },
                        "meta": {},
                        "tainted": false
                    },
                    "deposed": [],
                    "provider": "provider.google"
                },
                "google_bigquery_table.muf": {
                    "type": "google_bigquery_table",
                    "depends_on": [
                        "google_bigquery_dataset.solar"
                    ],
                    "primary": {
                        "id": "wsprstats-163301:solar_data.muf",
                        "attributes": {
                            "creation_time": "1550845016053",
                            "dataset_id": "solar_data",
                            "description": "",
                            "etag": "FxyOXEfKx/wbJvlPnofuOw==",
                            "expiration_time": "0",
                            "friendly_name": "",
                            "id": "wsprstats-163301:solar_data.muf",
                            "labels.%": "0",
                            "last_modified_time": "1550845016136",
                            "location": "US",
                            "num_bytes": "0",
                            "num_long_term_bytes": "0",
                            "num_rows": "0",
                            "project": "wsprstats-163301",
                            "schema": "[{\"description\":\"\",\"mode\":\"REQUIRED\",\"name\":\"uid\",\"type\":\"INTEGER\"},{\"description\":\"\",\"mode\":\"NULLABLE\",\"name\":\"muf\",\"type\":\"FLOAT\"},{\"description\":\"\",\"mode\":\"NULLABLE\",\"name\":\"maxspot\",\"type\":\"INTEGER\"},{\"description\":\"\",\"mode\":\"NULLABLE\",\"name\":\"timestamp\",\"type\":\"TIMESTAMP\"},{\"description\":\"\",\"mode\":\"NULLABLE\",\"name\":\"sfi\",\"type\":\"INTEGER\"},{\"description\":\"\",\"mode\":\"NULLABLE\",\"name\":\"sunspots\",\"type\":\"STRING\"}]",
                            "self_link": "https://www.googleapis.com/bigquery/v2/projects/wsprstats-163301/datasets/solar_data/tables/muf",
                            "table_id": "muf",
                            "type": "TABLE"
                        },
                        "meta": {},
                        "tainted": false
                    },
                    "deposed": [],
                    "provider": "provider.google"
                },
                "google_bigquery_table.spot_table": {
                    "type": "google_bigquery_table",
                    "depends_on": [
                        "google_bigquery_dataset.wspr_data"
                    ],
                    "primary": {
                        "id": "wsprstats-163301:wspr_data.spot_table",
                        "attributes": {
                            "creation_time": "1550828578661",
                            "dataset_id": "wspr_data",
                            "description": "",
                            "etag": "C9NNFmseYAsl1zx/YT08DA==",
                            "expiration_time": "0",
                            "friendly_name": "",
                            "id": "wsprstats-163301:wspr_data.spot_table",
                            "labels.%": "1",
                            "labels.env": "default",
                            "last_modified_time": "1550830005701",
                            "location": "US",
                            "num_bytes": "3120201672",
                            "num_long_term_bytes": "0",
                            "num_rows": "27871634",
                            "project": "wsprstats-163301",
                            "schema": "[{\"mode\":\"NULLABLE\",\"name\":\"spot_id\",\"type\":\"INTEGER\"},{\"mode\":\"NULLABLE\",\"name\":\"timestamp\",\"type\":\"TIMESTAMP\"},{\"mode\":\"NULLABLE\",\"name\":\"reporter\",\"type\":\"STRING\"},{\"mode\":\"NULLABLE\",\"name\":\"reporter_grid\",\"type\":\"STRING\"},{\"mode\":\"NULLABLE\",\"name\":\"snr\",\"type\":\"INTEGER\"},{\"mode\":\"NULLABLE\",\"name\":\"callsign\",\"type\":\"STRING\"},{\"mode\":\"NULLABLE\",\"name\":\"grid\",\"type\":\"STRING\"},{\"mode\":\"NULLABLE\",\"name\":\"power\",\"type\":\"INTEGER\"},{\"mode\":\"NULLABLE\",\"name\":\"drift\",\"type\":\"INTEGER\"},{\"mode\":\"NULLABLE\",\"name\":\"distance\",\"type\":\"INTEGER\"},{\"mode\":\"NULLABLE\",\"name\":\"azimuth\",\"type\":\"INTEGER\"},{\"mode\":\"NULLABLE\",\"name\":\"band\",\"type\":\"INTEGER\"},{\"mode\":\"NULLABLE\",\"name\":\"version\",\"type\":\"STRING\"},{\"mode\":\"NULLABLE\",\"name\":\"code\",\"type\":\"STRING\"},{\"mode\":\"NULLABLE\",\"name\":\"frequency\",\"type\":\"FLOAT\"}]",
                            "self_link": "https://www.googleapis.com/bigquery/v2/projects/wsprstats-163301/datasets/wspr_data/tables/spot_table",
                            "table_id": "spot_table",
                            "time_partitioning.#": "1",
                            "time_partitioning.0.expiration_ms": "0",
                            "time_partitioning.0.field": "timestamp",
                            "time_partitioning.0.require_partition_filter": "false",
                            "time_partitioning.0.type": "DAY",
                            "type": "TABLE"
                        },
                        "meta": {},
                        "tainted": false
                    },
                    "deposed": [],
                    "provider": "provider.google"
                },
                "google_bigquery_table.xray": {
                    "type": "google_bigquery_table",
                    "depends_on": [
                        "google_bigquery_dataset.solar"
                    ],
                    "primary": {
                        "id": "wsprstats-163301:solar_data.xray",
                        "attributes": {
                            "creation_time": "1550845016700",
                            "dataset_id": "solar_data",
                            "description": "",
                            "etag": "Y3TEfKAtkf21tcFHps9Gzg==",
                            "expiration_time": "0",
                            "friendly_name": "",
                            "id": "wsprstats-163301:solar_data.xray",
                            "labels.%": "0",
                            "last_modified_time": "1550845016841",
                            "location": "US",
                            "num_bytes": "0",
                            "num_long_term_bytes": "0",
                            "num_rows": "0",
                            "project": "wsprstats-163301",
                            "schema": "[{\"mode\":\"REQUIRED\",\"name\":\"uid\",\"type\":\"INTEGER\"},{\"mode\":\"NULLABLE\",\"name\":\"value\",\"type\":\"STRING\"},{\"mode\":\"NULLABLE\",\"name\":\"timestamp\",\"type\":\"TIMESTAMP\"},{\"mode\":\"NULLABLE\",\"name\":\"tweeted\",\"type\":\"INTEGER\"},{\"mode\":\"NULLABLE\",\"name\":\"numeric_val\",\"type\":\"FLOAT\"},{\"mode\":\"NULLABLE\",\"name\":\"rolling12\",\"type\":\"FLOAT\"},{\"mode\":\"NULLABLE\",\"name\":\"bz\",\"type\":\"FLOAT\"},{\"mode\":\"NULLABLE\",\"name\":\"bt\",\"type\":\"FLOAT\"},{\"mode\":\"NULLABLE\",\"name\":\"speed\",\"type\":\"FLOAT\"},{\"mode\":\"NULLABLE\",\"name\":\"bz2\",\"type\":\"FLOAT\"},{\"mode\":\"NULLABLE\",\"name\":\"bt2\",\"type\":\"FLOAT\"},{\"mode\":\"NULLABLE\",\"name\":\"speed2\",\"type\":\"FLOAT\"}]",
                            "self_link": "https://www.googleapis.com/bigquery/v2/projects/wsprstats-163301/datasets/solar_data/tables/xray",
                            "table_id": "xray",
                            "type": "TABLE"
                        },
                        "meta": {},
                        "tainted": false
                    },
                    "deposed": [],
                    "provider": "provider.google"
                },
                "google_storage_bucket.raw-data": {
                    "type": "google_storage_bucket",
                    "depends_on": [],
                    "primary": {
                        "id": "wsprnet-raw-data",
                        "attributes": {
                            "cors.#": "0",
                            "encryption.#": "0",
                            "force_destroy": "false",
                            "id": "wsprnet-raw-data",
                            "labels.%": "0",
                            "lifecycle_rule.#": "0",
                            "location": "US",
                            "logging.#": "0",
                            "name": "wsprnet-raw-data",
                            "project": "wsprstats-163301",
                            "requester_pays": "false",
                            "self_link": "https://www.googleapis.com/storage/v1/b/wsprnet-raw-data",
                            "storage_class": "STANDARD",
                            "url": "gs://wsprnet-raw-data",
                            "versioning.#": "0"
                        },
                        "meta": {},
                        "tainted": false
                    },
                    "deposed": [],
                    "provider": "provider.google"
                }
            },
            "depends_on": []
        }
    ]
}
